Microsoft Visual Studio Solution File, Format Version 11.00
# Visual Studio 2008

Project("{E9617E46-C8D7-A7E2-0858-A251D789101D}") = "Design3com-networking_c2", "Assembly-UnityScript-firstpass.unityproj", "{317D4F19-F376-F8C8-BFEC-512368A2AE0E}"
EndProject
Project("{E9617E46-C8D7-A7E2-0858-A251D789101D}") = "Design3com-networking_c2", "Assembly-UnityScript.unityproj", "{41E47AC3-BA2F-B0AF-EBF6-5D97AAC4698C}"
EndProject
Global
	GlobalSection(SolutionConfigurationPlatforms) = preSolution
		Debug|Any CPU = Debug|Any CPU
		Release|Any CPU = Release|Any CPU
	EndGlobalSection
	GlobalSection(ProjectConfigurationPlatforms) = postSolution
		{317D4F19-F376-F8C8-BFEC-512368A2AE0E}.Debug|Any CPU.ActiveCfg = Debug|Any CPU
		{317D4F19-F376-F8C8-BFEC-512368A2AE0E}.Debug|Any CPU.Build.0 = Debug|Any CPU
		{317D4F19-F376-F8C8-BFEC-512368A2AE0E}.Release|Any CPU.ActiveCfg = Release|Any CPU
		{317D4F19-F376-F8C8-BFEC-512368A2AE0E}.Release|Any CPU.Build.0 = Release|Any CPU
		{41E47AC3-BA2F-B0AF-EBF6-5D97AAC4698C}.Debug|Any CPU.ActiveCfg = Debug|Any CPU
		{41E47AC3-BA2F-B0AF-EBF6-5D97AAC4698C}.Debug|Any CPU.Build.0 = Debug|Any CPU
		{41E47AC3-BA2F-B0AF-EBF6-5D97AAC4698C}.Release|Any CPU.ActiveCfg = Release|Any CPU
		{41E47AC3-BA2F-B0AF-EBF6-5D97AAC4698C}.Release|Any CPU.Build.0 = Release|Any CPU
	EndGlobalSection
	GlobalSection(SolutionProperties) = preSolution
		HideSolutionNode = FALSE
	EndGlobalSection
																								GlobalSection(MonoDevelopProperties) = preSolution
		StartupItem = Assembly-CSharp.csproj
		Policies = $0
		$0.TextStylePolicy = $1
		$1.inheritsSet = null
		$1.scope = text/x-csharp
		$0.CSharpFormattingPolicy = $2
		$2.inheritsSet = Mono
		$2.inheritsScope = text/x-csharp
		$2.scope = text/x-csharp
		$0.TextStylePolicy = $3
		$3.FileWidth = 120
		$3.TabWidth = 4
		$3.EolMarker = Unix
		$3.inheritsSet = Mono
		$3.inheritsScope = text/plain
		$3.scope = text/plain
	EndGlobalSection

EndGlobal
